
Microsoft Visual Studio Solution File, Format Version 12.00
# Visual Studio Version 16
VisualStudioVersion = 16.0.31129.286
MinimumVisualStudioVersion = 10.0.40219.1
Project("{FAE04EC0-301F-11D3-BF4B-00C04F79EFBC}") = "Monitor", "Monitor\Monitor.csproj", "{A75B1D12-1E8B-47CA-AC13-15C685373455}"
EndProject
Project("{FAE04EC0-301F-11D3-BF4B-00C04F79EFBC}") = "Domain", "Domain\Domain.csproj", "{0804FBAB-B4AC-48B5-AD46-DDD7927260A4}"
EndProject
Project("{2150E333-8FDC-42A3-9474-1A3956D46DE8}") = "Solution Items", "Solution Items", "{861857AE-8751-417A-A802-2F911A8CD1C3}"
	ProjectSection(SolutionItems) = preProject
		.editorconfig = .editorconfig
	EndProjectSection
EndProject
Global
	GlobalSection(SolutionConfigurationPlatforms) = preSolution
		Debug|Any CPU = Debug|Any CPU
		Release|Any CPU = Release|Any CPU
	EndGlobalSection
	GlobalSection(ProjectConfigurationPlatforms) = postSolution
		{A75B1D12-1E8B-47CA-AC13-15C685373455}.Debug|Any CPU.ActiveCfg = Debug|Any CPU
		{A75B1D12-1E8B-47CA-AC13-15C685373455}.Debug|Any CPU.Build.0 = Debug|Any CPU
		{A75B1D12-1E8B-47CA-AC13-15C685373455}.Release|Any CPU.ActiveCfg = Release|Any CPU
		{A75B1D12-1E8B-47CA-AC13-15C685373455}.Release|Any CPU.Build.0 = Release|Any CPU
		{0804FBAB-B4AC-48B5-AD46-DDD7927260A4}.Debug|Any CPU.ActiveCfg = Debug|Any CPU
		{0804FBAB-B4AC-48B5-AD46-DDD7927260A4}.Debug|Any CPU.Build.0 = Debug|Any CPU
		{0804FBAB-B4AC-48B5-AD46-DDD7927260A4}.Release|Any CPU.ActiveCfg = Release|Any CPU
		{0804FBAB-B4AC-48B5-AD46-DDD7927260A4}.Release|Any CPU.Build.0 = Release|Any CPU
	EndGlobalSection
	GlobalSection(SolutionProperties) = preSolution
		HideSolutionNode = FALSE
	EndGlobalSection
	GlobalSection(ExtensibilityGlobals) = postSolution
		SolutionGuid = {755723BA-ACCB-4F7B-9251-01B79006081D}
	EndGlobalSection
EndGlobal
